# THIS IS AN AUTOGENERATED FILE. DO NOT EDIT THIS FILE DIRECTLY.
# yarn lockfile v1


"@babel/runtime@^7.14.5":
  version "7.20.13"
  resolved "https://registry.npmmirror.com/@babel/runtime/-/runtime-7.20.13.tgz#7055ab8a7cff2b8f6058bf6ae45ff84ad2aded4b"
  integrity sha512-gt3PKXs0DBoL9xCvOIIZ2NEqAGZqHjAnmVbfQtB620V0uReIQutpel14KcneZuer7UioY8ALKZ7iocavvzTNFA==
  dependencies:
    regenerator-runtime "^0.13.11"

"@tarojs/api@3.6.1":
  version "3.6.1"
  resolved "https://registry.npmmirror.com/@tarojs/api/-/api-3.6.1.tgz#a25323a50764522b290a32b4c52695caa21142d8"
  integrity sha512-pxHo/LKeHDnzU88mBX8TzsWcmNaYO+6cgFWMRb1+OZPVdq+JatJr3KextWvDqUmrT6HowHAjGFDqm33FqWVdDQ==
  dependencies:
    "@babel/runtime" "^7.14.5"
    "@tarojs/runtime" "3.6.1"

"@tarojs/runtime@3.6.1":
  version "3.6.1"
  resolved "https://registry.npmmirror.com/@tarojs/runtime/-/runtime-3.6.1.tgz#44d794c0ed8e293de45ddab6765e62868572b12e"
  integrity sha512-MuDSDLKymUC5dLQJTdJZwea6ucF3EROIKoyPQM1aL/h/CiEU87R1Y9hH+tx18rfjvgNSbfSGXEuZ25J/3i3p3g==
  dependencies:
    "@tarojs/shared" "3.6.1"
    lodash-es "4.17.21"

"@tarojs/shared@3.6.1":
  version "3.6.1"
  resolved "https://registry.npmmirror.com/@tarojs/shared/-/shared-3.6.1.tgz#f830c44c98382707f5f056e445c9f47446938921"
  integrity sha512-Omdv48YaT3Uyz99SNvr4dtNG0j3Feq9ZNtCinULbNX3a5ApKTgQFBurzqe3ngPy/Lg51InKODsGpbkpRdRHY3Q==

"@tarojs/taro@^3.6.1":
  version "3.6.1"
  resolved "https://registry.npmmirror.com/@tarojs/taro/-/taro-3.6.1.tgz#87903ef11d05119821391c8a0e523510e7ba19e1"
  integrity sha512-BV1K3E94Pr3VxFKah+kt1C1qk2x37RJ7zScHsAiIMHZxgi4IX1leJOg1iFfSUbXo7lD7IQch+UOelHHEa9OLpA==
  dependencies:
    "@tarojs/api" "3.6.1"
    "@tarojs/runtime" "3.6.1"

"js-tokens@^3.0.0 || ^4.0.0":
  version "4.0.0"
  resolved "https://registry.npmmirror.com/js-tokens/-/js-tokens-4.0.0.tgz#19203fb59991df98e3a287050d4647cdeaf32499"
  integrity sha512-RdJUflcE3cUzKiMqQgsCu06FPu9UdIJO0beYbPhHN4k6apgJtifcoCtT9bcxOpYBtpD2kCM6Sbzg4CausW/PKQ==

lodash-es@4.17.21:
  version "4.17.21"
  resolved "https://registry.npmmirror.com/lodash-es/-/lodash-es-4.17.21.tgz#43e626c46e6591b7750beb2b50117390c609e3ee"
  integrity sha512-mKnC+QJ9pWVzv+C4/U3rRsHapFfHvQFoFB92e52xeyGMcX6/OlIl78je1u8vePzYZSkkogMPJ2yjxxsb89cxyw==

loose-envify@^1.1.0:
  version "1.4.0"
  resolved "https://registry.npmmirror.com/loose-envify/-/loose-envify-1.4.0.tgz#71ee51fa7be4caec1a63839f7e682d8132d30caf"
  integrity sha512-lyuxPGr/Wfhrlem2CL/UcnUc1zcqKAImBDzukY7Y5F/yQiNdko6+fRLevlw1HgMySw7f611UIY408EtxRSoK3Q==
  dependencies:
    js-tokens "^3.0.0 || ^4.0.0"

react@^18.2.0:
  version "18.2.0"
  resolved "https://registry.npmmirror.com/react/-/react-18.2.0.tgz#555bd98592883255fa00de14f1151a917b5d77d5"
  integrity sha512-/3IjMdb2L9QbBdWiW5e3P2/npwMBaU9mHCSCUzNln0ZCYbcfTsGbTJrU/kGemdH2IWmB2ioZ+zkxtmq6g09fGQ==
  dependencies:
    loose-envify "^1.1.0"

regenerator-runtime@^0.13.11:
  version "0.13.11"
  resolved "https://registry.npmmirror.com/regenerator-runtime/-/regenerator-runtime-0.13.11.tgz#f6dca3e7ceec20590d07ada785636a90cdca17f9"
  integrity sha512-kY1AZVr2Ra+t+piVaJ4gxaFaReZVH40AKNo7UCX6W+dEwBo/2oZJzqfuN1qLq1oL45o56cPaTXELwrTh8Fpggg==

typescript@^4.9.5:
  version "4.9.5"
  resolved "https://registry.npmmirror.com/typescript/-/typescript-4.9.5.tgz#095979f9bcc0d09da324d58d03ce8f8374cbe65a"
  integrity sha512-1FXk9E2Hm+QzZQ7z+McJiHL4NW1F2EzMu9Nq9i3zAaGqibafqYwCVU6WyWAuyQRRzOlxou8xZSyXLEN8oKj24g==
